
Microsoft Visual Studio Solution File, Format Version 12.00
# Visual Studio Version 17
VisualStudioVersion = 17.0.31919.166
MinimumVisualStudioVersion = 10.0.40219.1
Project("{FAE04EC0-301F-11D3-BF4B-00C04F79EFBC}") = "MemoryIssue60", "MemoryIssue60\MemoryIssue60.csproj", "{27FAECE8-321A-4A50-B7E2-3B14C5D76553}"
EndProject
Global
	GlobalSection(SolutionConfigurationPlatforms) = preSolution
		Debug|Any CPU = Debug|Any CPU
		Release|Any CPU = Release|Any CPU
	EndGlobalSection
	GlobalSection(ProjectConfigurationPlatforms) = postSolution
		{27FAECE8-321A-4A50-B7E2-3B14C5D76553}.Debug|Any CPU.ActiveCfg = Debug|Any CPU
		{27FAECE8-321A-4A50-B7E2-3B14C5D76553}.Debug|Any CPU.Build.0 = Debug|Any CPU
		{27FAECE8-321A-4A50-B7E2-3B14C5D76553}.Release|Any CPU.ActiveCfg = Release|Any CPU
		{27FAECE8-321A-4A50-B7E2-3B14C5D76553}.Release|Any CPU.Build.0 = Release|Any CPU
	EndGlobalSection
	GlobalSection(SolutionProperties) = preSolution
		HideSolutionNode = FALSE
	EndGlobalSection
	GlobalSection(ExtensibilityGlobals) = postSolution
		SolutionGuid = {6D4E4350-55BD-4EA5-B432-4DCE059BAF7B}
	EndGlobalSection
EndGlobal
